
Microsoft Visual Studio Solution File, Format Version 12.00
# Visual Studio Version 18
VisualStudioVersion = 18.0.11010.61
MinimumVisualStudioVersion = 10.0.40219.1
Project("{FAE04EC0-301F-11D3-BF4B-00C04F79EFBC}") = "Starter.Web", "Starter.Web\Starter.Web.csproj", "{35A089D3-896B-4640-A44E-3B749F7F375C}"
EndProject
Project("{FAE04EC0-301F-11D3-BF4B-00C04F79EFBC}") = "Starter.AppHost", "Starter.AppHost\Starter.AppHost.csproj", "{05989012-02CB-42B5-8957-5F46F5200EC0}"
EndProject
Project("{FAE04EC0-301F-11D3-BF4B-00C04F79EFBC}") = "Starter.ServiceDefaults", "Starter.ServiceDefaults\Starter.ServiceDefaults.csproj", "{768298BD-72A4-4A98-A1DB-C2C155F5825A}"
EndProject
Project("{2150E333-8FDC-42A3-9474-1A3956D46DE8}") = "Solution Items", "Solution Items", "{0670C177-4D05-45DB-9636-E6D8D075ED44}"
	ProjectSection(SolutionItems) = preProject
		Directory.Build.props = Directory.Build.props
		Directory.Packages.props = Directory.Packages.props
	EndProjectSection
EndProject
Project("{FAE04EC0-301F-11D3-BF4B-00C04F79EFBC}") = "Starter.Infrastructure", "Starter.Infrastructure\Starter.Infrastructure.csproj", "{375B8326-227D-49B0-B5B9-500A25AAE509}"
EndProject
Project("{FAE04EC0-301F-11D3-BF4B-00C04F79EFBC}") = "Starter.Domain", "Starter.Domain\Starter.Domain.csproj", "{F3938D6C-5E0E-44F2-B84F-F864EE127AE0}"
EndProject
Project("{FAE04EC0-301F-11D3-BF4B-00C04F79EFBC}") = "Starter.Application", "Starter.Application\Starter.Application.csproj", "{F4DF2C77-8EAF-48EB-B1BC-CDF542889BA5}"
EndProject
Global
	GlobalSection(SolutionConfigurationPlatforms) = preSolution
		Debug|Any CPU = Debug|Any CPU
		Release|Any CPU = Release|Any CPU
	EndGlobalSection
	GlobalSection(ProjectConfigurationPlatforms) = postSolution
		{35A089D3-896B-4640-A44E-3B749F7F375C}.Debug|Any CPU.ActiveCfg = Debug|Any CPU
		{35A089D3-896B-4640-A44E-3B749F7F375C}.Debug|Any CPU.Build.0 = Debug|Any CPU
		{35A089D3-896B-4640-A44E-3B749F7F375C}.Release|Any CPU.ActiveCfg = Release|Any CPU
		{35A089D3-896B-4640-A44E-3B749F7F375C}.Release|Any CPU.Build.0 = Release|Any CPU
		{05989012-02CB-42B5-8957-5F46F5200EC0}.Debug|Any CPU.ActiveCfg = Debug|Any CPU
		{05989012-02CB-42B5-8957-5F46F5200EC0}.Debug|Any CPU.Build.0 = Debug|Any CPU
		{05989012-02CB-42B5-8957-5F46F5200EC0}.Release|Any CPU.ActiveCfg = Release|Any CPU
		{05989012-02CB-42B5-8957-5F46F5200EC0}.Release|Any CPU.Build.0 = Release|Any CPU
		{768298BD-72A4-4A98-A1DB-C2C155F5825A}.Debug|Any CPU.ActiveCfg = Debug|Any CPU
		{768298BD-72A4-4A98-A1DB-C2C155F5825A}.Debug|Any CPU.Build.0 = Debug|Any CPU
		{768298BD-72A4-4A98-A1DB-C2C155F5825A}.Release|Any CPU.ActiveCfg = Release|Any CPU
		{768298BD-72A4-4A98-A1DB-C2C155F5825A}.Release|Any CPU.Build.0 = Release|Any CPU
		{375B8326-227D-49B0-B5B9-500A25AAE509}.Debug|Any CPU.ActiveCfg = Debug|Any CPU
		{375B8326-227D-49B0-B5B9-500A25AAE509}.Debug|Any CPU.Build.0 = Debug|Any CPU
		{375B8326-227D-49B0-B5B9-500A25AAE509}.Release|Any CPU.ActiveCfg = Release|Any CPU
		{375B8326-227D-49B0-B5B9-500A25AAE509}.Release|Any CPU.Build.0 = Release|Any CPU
		{F3938D6C-5E0E-44F2-B84F-F864EE127AE0}.Debug|Any CPU.ActiveCfg = Debug|Any CPU
		{F3938D6C-5E0E-44F2-B84F-F864EE127AE0}.Debug|Any CPU.Build.0 = Debug|Any CPU
		{F3938D6C-5E0E-44F2-B84F-F864EE127AE0}.Release|Any CPU.ActiveCfg = Release|Any CPU
		{F3938D6C-5E0E-44F2-B84F-F864EE127AE0}.Release|Any CPU.Build.0 = Release|Any CPU
		{F4DF2C77-8EAF-48EB-B1BC-CDF542889BA5}.Debug|Any CPU.ActiveCfg = Debug|Any CPU
		{F4DF2C77-8EAF-48EB-B1BC-CDF542889BA5}.Debug|Any CPU.Build.0 = Debug|Any CPU
		{F4DF2C77-8EAF-48EB-B1BC-CDF542889BA5}.Release|Any CPU.ActiveCfg = Release|Any CPU
		{F4DF2C77-8EAF-48EB-B1BC-CDF542889BA5}.Release|Any CPU.Build.0 = Release|Any CPU
	EndGlobalSection
	GlobalSection(SolutionProperties) = preSolution
		HideSolutionNode = FALSE
	EndGlobalSection
	GlobalSection(ExtensibilityGlobals) = postSolution
		SolutionGuid = {23D51D3C-7F87-4DBE-92AC-6C8DA8B015C9}
	EndGlobalSection
EndGlobal
